
Microsoft Visual Studio Solution File, Format Version 12.00
# Visual Studio Version 16
VisualStudioVersion = 16.0.28803.352
MinimumVisualStudioVersion = 10.0.40219.1
Project("{FAE04EC0-301F-11D3-BF4B-00C04F79EFBC}") = "Business logic", "Business logic\Business logic.csproj", "{3EF3C9A0-66EC-45F2-A2A9-E1A7942EA712}"
EndProject
Project("{FAE04EC0-301F-11D3-BF4B-00C04F79EFBC}") = "Data access", "Data access\Data access.csproj", "{88E1AE12-4F76-4B47-9BAC-5E77A03289D3}"
EndProject
Project("{FAE04EC0-301F-11D3-BF4B-00C04F79EFBC}") = "Presentation2", "HomeServices\Presentation2.csproj", "{7CB99108-5021-4FCF-8F5F-C588DAC601F8}"
EndProject
Project("{FAE04EC0-301F-11D3-BF4B-00C04F79EFBC}") = "Tests", "Tests\Tests.csproj", "{0A6356B2-8EA5-4B8A-8965-9EE87F197D0B}"
EndProject
Global
	GlobalSection(SolutionConfigurationPlatforms) = preSolution
		Debug|Any CPU = Debug|Any CPU
		Release|Any CPU = Release|Any CPU
	EndGlobalSection
	GlobalSection(ProjectConfigurationPlatforms) = postSolution
		{3EF3C9A0-66EC-45F2-A2A9-E1A7942EA712}.Debug|Any CPU.ActiveCfg = Debug|Any CPU
		{3EF3C9A0-66EC-45F2-A2A9-E1A7942EA712}.Debug|Any CPU.Build.0 = Debug|Any CPU
		{3EF3C9A0-66EC-45F2-A2A9-E1A7942EA712}.Release|Any CPU.ActiveCfg = Release|Any CPU
		{3EF3C9A0-66EC-45F2-A2A9-E1A7942EA712}.Release|Any CPU.Build.0 = Release|Any CPU
		{88E1AE12-4F76-4B47-9BAC-5E77A03289D3}.Debug|Any CPU.ActiveCfg = Debug|Any CPU
		{88E1AE12-4F76-4B47-9BAC-5E77A03289D3}.Debug|Any CPU.Build.0 = Debug|Any CPU
		{88E1AE12-4F76-4B47-9BAC-5E77A03289D3}.Release|Any CPU.ActiveCfg = Release|Any CPU
		{88E1AE12-4F76-4B47-9BAC-5E77A03289D3}.Release|Any CPU.Build.0 = Release|Any CPU
		{7CB99108-5021-4FCF-8F5F-C588DAC601F8}.Debug|Any CPU.ActiveCfg = Debug|Any CPU
		{7CB99108-5021-4FCF-8F5F-C588DAC601F8}.Debug|Any CPU.Build.0 = Debug|Any CPU
		{7CB99108-5021-4FCF-8F5F-C588DAC601F8}.Release|Any CPU.ActiveCfg = Release|Any CPU
		{7CB99108-5021-4FCF-8F5F-C588DAC601F8}.Release|Any CPU.Build.0 = Release|Any CPU
		{0A6356B2-8EA5-4B8A-8965-9EE87F197D0B}.Debug|Any CPU.ActiveCfg = Debug|Any CPU
		{0A6356B2-8EA5-4B8A-8965-9EE87F197D0B}.Debug|Any CPU.Build.0 = Debug|Any CPU
		{0A6356B2-8EA5-4B8A-8965-9EE87F197D0B}.Release|Any CPU.ActiveCfg = Release|Any CPU
		{0A6356B2-8EA5-4B8A-8965-9EE87F197D0B}.Release|Any CPU.Build.0 = Release|Any CPU
	EndGlobalSection
	GlobalSection(SolutionProperties) = preSolution
		HideSolutionNode = FALSE
	EndGlobalSection
	GlobalSection(ExtensibilityGlobals) = postSolution
		SolutionGuid = {A21BC4DC-303E-4FD6-9F44-5026EB9ACF2F}
	EndGlobalSection
EndGlobal
